{
  "object": {
    "pins": [
      {
        "package": "swift-argument-parser",
        "repositoryURL": "https://github.com/apple/swift-argument-parser",
        "state": {
          "branch": null,
          "revision": "c8ed701b513cf5177118a175d85fbbbcd707ab41",
          "version": "1.3.0"
        }
      },
      {
        "package": "swift-crypto",
        "repositoryURL": "https://github.com/apple/swift-crypto",
        "state": {
          "branch": null,
          "revision": "cc76b894169a3c86b71bac10c78a4db6beb7a9ad",
          "version": "3.2.0"
        }
      },
      {
        "package": "SwiftFormat",
        "repositoryURL": "https://github.com/nicklockwood/SwiftFormat",
        "state": {
          "branch": null,
          "revision": "fef156a6135e584985ed26713dd2e9ee41f952cb",
          "version": "0.53.0"
        }
      }
    ]
  },
  "version": 1
}
