{
  "object": {
    "pins": [
      {
        "package": "swift-argument-parser",
        "repositoryURL": "https://github.com/apple/swift-argument-parser",
        "state": {
          "branch": null,
          "revision": "011f0c765fb46d9cac61bca19be0527e99c98c8b",
          "version": "1.5.1"
        }
      },
      {
        "package": "swift-asn1",
        "repositoryURL": "https://github.com/apple/swift-asn1.git",
        "state": {
          "branch": null,
          "revision": "a54383ada6cecde007d374f58f864e29370ba5c3",
          "version": "1.3.2"
        }
      },
      {
        "package": "swift-crypto",
        "repositoryURL": "https://github.com/apple/swift-crypto",
        "state": {
          "branch": null,
          "revision": "e8d6eba1fef23ae5b359c46b03f7d94be2f41fed",
          "version": "3.12.3"
        }
      }
    ]
  },
  "version": 1
}
